
Microsoft Visual Studio Solution File, Format Version 12.00
# Visual Studio Version 17
VisualStudioVersion = 17.3.32825.248
MinimumVisualStudioVersion = 10.0.40219.1
Project("{2150E333-8FDC-42A3-9474-1A3956D46DE8}") = "Services", "Services", "{97D9BCFB-207A-47F5-BF30-9371AFFBC4B8}"
EndProject
Project("{2150E333-8FDC-42A3-9474-1A3956D46DE8}") = "Catalog", "Catalog", "{07056B76-C680-44E0-80D4-11855FD1EAD8}"
EndProject
Project("{9A19103F-16F7-4668-BE54-9A1E7A4F7556}") = "Catalog.API", "Services\Catalog\Catalog.API\Catalog.API.csproj", "{A6D99F8C-4766-4162-8AD6-467AC4AE30B1}"
EndProject
Project("{E53339B2-1760-4266-BCC7-CA923CBCF16C}") = "docker-compose", "docker-compose.dcproj", "{DFCD0D11-786C-465C-A913-438B70EE41D3}"
EndProject
Project("{2150E333-8FDC-42A3-9474-1A3956D46DE8}") = "Basket", "Basket", "{7B4A450E-1ADC-45AE-982F-9FBA5CFE7ED7}"
EndProject
Project("{9A19103F-16F7-4668-BE54-9A1E7A4F7556}") = "Basket.API", "Services\Basket\Basket.API\Basket.API.csproj", "{B3CF909B-9BF3-498C-B4B9-8D6DD5A81375}"
EndProject
Project("{2150E333-8FDC-42A3-9474-1A3956D46DE8}") = "Discount", "Discount", "{34AFC609-3B1B-4E11-B06C-6BF1A9506AD8}"
EndProject
Project("{9A19103F-16F7-4668-BE54-9A1E7A4F7556}") = "Discount.API", "Services\Discount\Discount.API\Discount.API.csproj", "{F0526867-AB88-430C-BE6B-8F96223B410B}"
EndProject
Project("{FAE04EC0-301F-11D3-BF4B-00C04F79EFBC}") = "Discount.Grpc", "Services\Discount\Discount.Grpc\Discount.Grpc.csproj", "{A7F7BC91-9237-485A-82D3-386F961FC442}"
EndProject
Global
	GlobalSection(SolutionConfigurationPlatforms) = preSolution
		Debug|Any CPU = Debug|Any CPU
		Release|Any CPU = Release|Any CPU
	EndGlobalSection
	GlobalSection(ProjectConfigurationPlatforms) = postSolution
		{A6D99F8C-4766-4162-8AD6-467AC4AE30B1}.Debug|Any CPU.ActiveCfg = Debug|Any CPU
		{A6D99F8C-4766-4162-8AD6-467AC4AE30B1}.Debug|Any CPU.Build.0 = Debug|Any CPU
		{A6D99F8C-4766-4162-8AD6-467AC4AE30B1}.Release|Any CPU.ActiveCfg = Release|Any CPU
		{A6D99F8C-4766-4162-8AD6-467AC4AE30B1}.Release|Any CPU.Build.0 = Release|Any CPU
		{DFCD0D11-786C-465C-A913-438B70EE41D3}.Debug|Any CPU.ActiveCfg = Debug|Any CPU
		{DFCD0D11-786C-465C-A913-438B70EE41D3}.Debug|Any CPU.Build.0 = Debug|Any CPU
		{DFCD0D11-786C-465C-A913-438B70EE41D3}.Release|Any CPU.ActiveCfg = Release|Any CPU
		{DFCD0D11-786C-465C-A913-438B70EE41D3}.Release|Any CPU.Build.0 = Release|Any CPU
		{B3CF909B-9BF3-498C-B4B9-8D6DD5A81375}.Debug|Any CPU.ActiveCfg = Debug|Any CPU
		{B3CF909B-9BF3-498C-B4B9-8D6DD5A81375}.Debug|Any CPU.Build.0 = Debug|Any CPU
		{B3CF909B-9BF3-498C-B4B9-8D6DD5A81375}.Release|Any CPU.ActiveCfg = Release|Any CPU
		{B3CF909B-9BF3-498C-B4B9-8D6DD5A81375}.Release|Any CPU.Build.0 = Release|Any CPU
		{F0526867-AB88-430C-BE6B-8F96223B410B}.Debug|Any CPU.ActiveCfg = Debug|Any CPU
		{F0526867-AB88-430C-BE6B-8F96223B410B}.Debug|Any CPU.Build.0 = Debug|Any CPU
		{F0526867-AB88-430C-BE6B-8F96223B410B}.Release|Any CPU.ActiveCfg = Release|Any CPU
		{F0526867-AB88-430C-BE6B-8F96223B410B}.Release|Any CPU.Build.0 = Release|Any CPU
		{A7F7BC91-9237-485A-82D3-386F961FC442}.Debug|Any CPU.ActiveCfg = Debug|Any CPU
		{A7F7BC91-9237-485A-82D3-386F961FC442}.Debug|Any CPU.Build.0 = Debug|Any CPU
		{A7F7BC91-9237-485A-82D3-386F961FC442}.Release|Any CPU.ActiveCfg = Release|Any CPU
		{A7F7BC91-9237-485A-82D3-386F961FC442}.Release|Any CPU.Build.0 = Release|Any CPU
	EndGlobalSection
	GlobalSection(SolutionProperties) = preSolution
		HideSolutionNode = FALSE
	EndGlobalSection
	GlobalSection(NestedProjects) = preSolution
		{07056B76-C680-44E0-80D4-11855FD1EAD8} = {97D9BCFB-207A-47F5-BF30-9371AFFBC4B8}
		{A6D99F8C-4766-4162-8AD6-467AC4AE30B1} = {07056B76-C680-44E0-80D4-11855FD1EAD8}
		{7B4A450E-1ADC-45AE-982F-9FBA5CFE7ED7} = {97D9BCFB-207A-47F5-BF30-9371AFFBC4B8}
		{B3CF909B-9BF3-498C-B4B9-8D6DD5A81375} = {7B4A450E-1ADC-45AE-982F-9FBA5CFE7ED7}
		{34AFC609-3B1B-4E11-B06C-6BF1A9506AD8} = {97D9BCFB-207A-47F5-BF30-9371AFFBC4B8}
		{F0526867-AB88-430C-BE6B-8F96223B410B} = {34AFC609-3B1B-4E11-B06C-6BF1A9506AD8}
		{A7F7BC91-9237-485A-82D3-386F961FC442} = {34AFC609-3B1B-4E11-B06C-6BF1A9506AD8}
	EndGlobalSection
	GlobalSection(ExtensibilityGlobals) = postSolution
		SolutionGuid = {481D3C33-1BD4-4454-98D5-70E11D868394}
	EndGlobalSection
EndGlobal
